
Microsoft Visual Studio Solution File, Format Version 12.00
# Visual Studio Version 16
VisualStudioVersion = 16.0.30011.22
MinimumVisualStudioVersion = 10.0.40219.1
Project("{8BC9CEB8-8B4A-11D0-8D11-00A0C91BC942}") = "DynamicMemoryAllocation", "DynamicMemoryAllocation.vcxproj", "{A954135E-1674-4EDD-9EEB-C76466DE539D}"
EndProject
Global
	GlobalSection(SolutionConfigurationPlatforms) = preSolution
		Debug|x64 = Debug|x64
		Debug|x86 = Debug|x86
		Release|x64 = Release|x64
		Release|x86 = Release|x86
	EndGlobalSection
	GlobalSection(ProjectConfigurationPlatforms) = postSolution
		{A954135E-1674-4EDD-9EEB-C76466DE539D}.Debug|x64.ActiveCfg = Debug|x64
		{A954135E-1674-4EDD-9EEB-C76466DE539D}.Debug|x64.Build.0 = Debug|x64
		{A954135E-1674-4EDD-9EEB-C76466DE539D}.Debug|x86.ActiveCfg = Debug|Win32
		{A954135E-1674-4EDD-9EEB-C76466DE539D}.Debug|x86.Build.0 = Debug|Win32
		{A954135E-1674-4EDD-9EEB-C76466DE539D}.Release|x64.ActiveCfg = Release|x64
		{A954135E-1674-4EDD-9EEB-C76466DE539D}.Release|x64.Build.0 = Release|x64
		{A954135E-1674-4EDD-9EEB-C76466DE539D}.Release|x86.ActiveCfg = Release|Win32
		{A954135E-1674-4EDD-9EEB-C76466DE539D}.Release|x86.Build.0 = Release|Win32
	EndGlobalSection
	GlobalSection(SolutionProperties) = preSolution
		HideSolutionNode = FALSE
	EndGlobalSection
	GlobalSection(ExtensibilityGlobals) = postSolution
		SolutionGuid = {C2A11AD6-0C73-40F8-B3B6-C93BBD6270D1}
	EndGlobalSection
EndGlobal
