
Microsoft Visual Studio Solution File, Format Version 12.00
# Visual Studio Version 16
VisualStudioVersion = 16.0.30011.22
MinimumVisualStudioVersion = 10.0.40219.1
Project("{8BC9CEB8-8B4A-11D0-8D11-00A0C91BC942}") = "Goto", "Goto.vcxproj", "{A3B13296-F6CD-49E3-B3B5-738C63016BF0}"
EndProject
Global
	GlobalSection(SolutionConfigurationPlatforms) = preSolution
		Debug|x64 = Debug|x64
		Debug|x86 = Debug|x86
		Release|x64 = Release|x64
		Release|x86 = Release|x86
	EndGlobalSection
	GlobalSection(ProjectConfigurationPlatforms) = postSolution
		{A3B13296-F6CD-49E3-B3B5-738C63016BF0}.Debug|x64.ActiveCfg = Debug|x64
		{A3B13296-F6CD-49E3-B3B5-738C63016BF0}.Debug|x64.Build.0 = Debug|x64
		{A3B13296-F6CD-49E3-B3B5-738C63016BF0}.Debug|x86.ActiveCfg = Debug|Win32
		{A3B13296-F6CD-49E3-B3B5-738C63016BF0}.Debug|x86.Build.0 = Debug|Win32
		{A3B13296-F6CD-49E3-B3B5-738C63016BF0}.Release|x64.ActiveCfg = Release|x64
		{A3B13296-F6CD-49E3-B3B5-738C63016BF0}.Release|x64.Build.0 = Release|x64
		{A3B13296-F6CD-49E3-B3B5-738C63016BF0}.Release|x86.ActiveCfg = Release|Win32
		{A3B13296-F6CD-49E3-B3B5-738C63016BF0}.Release|x86.Build.0 = Release|Win32
	EndGlobalSection
	GlobalSection(SolutionProperties) = preSolution
		HideSolutionNode = FALSE
	EndGlobalSection
	GlobalSection(ExtensibilityGlobals) = postSolution
		SolutionGuid = {63314353-8DC5-4A8B-B97B-3ECF79458FB1}
	EndGlobalSection
EndGlobal
