
Microsoft Visual Studio Solution File, Format Version 12.00
# Visual Studio Version 16
VisualStudioVersion = 16.0.30011.22
MinimumVisualStudioVersion = 10.0.40219.1
Project("{8BC9CEB8-8B4A-11D0-8D11-00A0C91BC942}") = "Reference", "Reference.vcxproj", "{36D7D8B5-9804-4409-BB0E-B1F697EC19BE}"
EndProject
Global
	GlobalSection(SolutionConfigurationPlatforms) = preSolution
		Debug|x64 = Debug|x64
		Debug|x86 = Debug|x86
		Release|x64 = Release|x64
		Release|x86 = Release|x86
	EndGlobalSection
	GlobalSection(ProjectConfigurationPlatforms) = postSolution
		{36D7D8B5-9804-4409-BB0E-B1F697EC19BE}.Debug|x64.ActiveCfg = Debug|x64
		{36D7D8B5-9804-4409-BB0E-B1F697EC19BE}.Debug|x64.Build.0 = Debug|x64
		{36D7D8B5-9804-4409-BB0E-B1F697EC19BE}.Debug|x86.ActiveCfg = Debug|Win32
		{36D7D8B5-9804-4409-BB0E-B1F697EC19BE}.Debug|x86.Build.0 = Debug|Win32
		{36D7D8B5-9804-4409-BB0E-B1F697EC19BE}.Release|x64.ActiveCfg = Release|x64
		{36D7D8B5-9804-4409-BB0E-B1F697EC19BE}.Release|x64.Build.0 = Release|x64
		{36D7D8B5-9804-4409-BB0E-B1F697EC19BE}.Release|x86.ActiveCfg = Release|Win32
		{36D7D8B5-9804-4409-BB0E-B1F697EC19BE}.Release|x86.Build.0 = Release|Win32
	EndGlobalSection
	GlobalSection(SolutionProperties) = preSolution
		HideSolutionNode = FALSE
	EndGlobalSection
	GlobalSection(ExtensibilityGlobals) = postSolution
		SolutionGuid = {2FD48D3F-1B48-4144-A7F6-851EC395BD9C}
	EndGlobalSection
EndGlobal
